# THIS IS AN AUTOGENERATED FILE. DO NOT EDIT THIS FILE DIRECTLY.
# yarn lockfile v1


"@now/node@^1.4.1":
  version "1.4.1"
  resolved "https://registry.yarnpkg.com/@now/node/-/node-1.4.1.tgz#a07e22abb34d892e77fef1471f35518ddb39dbfc"
  integrity sha512-EjP/pdBMKsEMCGQ1OLLmBGnjA3QZG1erYTrMqmDVqypeQsY1UUFTY4h1C4d6WNq33qk/nMxpcJzuAhxt+nLQyg==
  dependencies:
    "@types/node" "*"

"@types/lokijs@^1.5.3":
  version "1.5.3"
  resolved "https://registry.yarnpkg.com/@types/lokijs/-/lokijs-1.5.3.tgz#e45db0b35e53ec09a4c2ff4f253037abd56be151"
  integrity sha512-ssiP6F7rpDqlaOzo+0Y/0dkVH2JiAjc+o7n6M4pFnfAMscf+7FthqS0cobvGJEJvxmzp4PWfMOfe0q3VETtrgQ==

"@types/node@*":
  version "13.7.0"
  resolved "https://registry.yarnpkg.com/@types/node/-/node-13.7.0.tgz#b417deda18cf8400f278733499ad5547ed1abec4"
  integrity sha512-GnZbirvmqZUzMgkFn70c74OQpTTUcCzlhQliTzYjQMqg+hVKcDnxdL19Ne3UdYzdMA/+W3eb646FWn/ZaT1NfQ==

escape-string-regexp@^2.0.0:
  version "2.0.0"
  resolved "https://registry.yarnpkg.com/escape-string-regexp/-/escape-string-regexp-2.0.0.tgz#a30304e99daa32e23b2fd20f51babd07cffca344"
  integrity sha512-UpzcLCXolUWcNu5HtVMHYdXJjArjsF9C0aNnquZYY4uW/Vu0miy5YoWvbV345HauVvcAUnpRuhMMcqTcGOY2+w==

lokijs@^1.5.8:
  version "1.5.8"
  resolved "https://registry.yarnpkg.com/lokijs/-/lokijs-1.5.8.tgz#9296f288edb2147389ec692fc972c428c59179d1"
  integrity sha512-D8E3TBrY35o1ELnonp2MF8b3wKu2tVNl2TqRjvS+95oPMMe7OoIAxNY1qr+5BEZwnWn2V4ErAjVt000DonM+FA==

runtypes@^4.1.0:
  version "4.1.0"
  resolved "https://registry.yarnpkg.com/runtypes/-/runtypes-4.1.0.tgz#a5ef3cc823be2574e574a86276d51b474bb82026"
  integrity sha512-A3RJjkKCMaZsDFaiwHrsei1O3wmq6R4mHC8qUQTcxzSjbavt19GvQ9k7pVr3Ww/LeZF2zK4NNaxT3qmOquq6og==

typescript@^3.7.5:
  version "3.7.5"
  resolved "https://registry.yarnpkg.com/typescript/-/typescript-3.7.5.tgz#0692e21f65fd4108b9330238aac11dd2e177a1ae"
  integrity sha512-/P5lkRXkWHNAbcJIiHPfRoKqyd7bsyCma1hZNUGfn20qm64T6ZBlrzprymeu918H+mB/0rIg2gGK/BXkhhYgBw==
